PODS:
  - Alamofire (5.0.0-rc.3)
  - ReachabilitySwift (5.0.0)
  - SDWebImage (5.4.1):
    - SDWebImage/Core (= 5.4.1)
  - SDWebImage/Core (5.4.1)

DEPENDENCIES:
  - Alamofire (~> 5.0.0-rc.3)
  - ReachabilitySwift
  - SDWebImage (~> 5.0)

SPEC REPOS:
  trunk:
    - Alamofire
    - ReachabilitySwift
    - SDWebImage

SPEC CHECKSUMS:
  Alamofire: ca8c0de6906873be89d6deec5c8de279e00bf872
  ReachabilitySwift: 985039c6f7b23a1da463388634119492ff86c825
  SDWebImage: 29c340dbdcef342bb13125553f4e19ce056b07a7

PODFILE CHECKSUM: 23d9c63c4c52cc86b2377ad524b4330e034f633c

COCOAPODS: 1.8.4
